
Microsoft Visual Studio Solution File, Format Version 12.00
# Visual Studio Version 16
VisualStudioVersion = 16.0.31702.278
MinimumVisualStudioVersion = 10.0.40219.1
Project("{FAE04EC0-301F-11D3-BF4B-00C04F79EFBC}") = "ClientCFC-P4-049", "ClientCFC-P4-049\ClientCFC-P4-049.csproj", "{78330A90-26A9-46D4-BBD2-0BCF8E540B34}"
EndProject
Global
	GlobalSection(SolutionConfigurationPlatforms) = preSolution
		Debug|Any CPU = Debug|Any CPU
		Release|Any CPU = Release|Any CPU
	EndGlobalSection
	GlobalSection(ProjectConfigurationPlatforms) = postSolution
		{78330A90-26A9-46D4-BBD2-0BCF8E540B34}.Debug|Any CPU.ActiveCfg = Debug|Any CPU
		{78330A90-26A9-46D4-BBD2-0BCF8E540B34}.Debug|Any CPU.Build.0 = Debug|Any CPU
		{78330A90-26A9-46D4-BBD2-0BCF8E540B34}.Release|Any CPU.ActiveCfg = Release|Any CPU
		{78330A90-26A9-46D4-BBD2-0BCF8E540B34}.Release|Any CPU.Build.0 = Release|Any CPU
	EndGlobalSection
	GlobalSection(SolutionProperties) = preSolution
		HideSolutionNode = FALSE
	EndGlobalSection
	GlobalSection(ExtensibilityGlobals) = postSolution
		SolutionGuid = {434F213D-E94C-494A-AE21-FB7B41CF4DBE}
	EndGlobalSection
EndGlobal
